{
  "lockfileVersion": 1,
  "workspaces": {
    "": {
      "name": "datahaven-monitor",
      "dependencies": {
        "@storagehub-sdk/core": "0.3.3",
        "@storagehub-sdk/msp-client": "0.3.3",
        "viem": "2.41.2",
      },
      "devDependencies": {
        "@biomejs/biome": "latest",
        "@types/node": "^22.0.0",
        "typescript": "^5.6.0",
      },
    },
  },
  "packages": {
    "@adraffy/ens-normalize": ["@adraffy/ens-normalize@1.10.1", "", {}, "sha512-96Z2IP3mYmF1Xg2cDm8f1gWGf/HUVedQ3FMifV4kG/PQ4yEP51xDtRAEfhVNt5f/uzpNkZHwWQuUcu6D6K+Ekw=="],

    "@biomejs/biome": ["@biomejs/biome@2.3.8", "", { "optionalDependencies": { "@biomejs/cli-darwin-arm64": "2.3.8", "@biomejs/cli-darwin-x64": "2.3.8", "@biomejs/cli-linux-arm64": "2.3.8", "@biomejs/cli-linux-arm64-musl": "2.3.8", "@biomejs/cli-linux-x64": "2.3.8", "@biomejs/cli-linux-x64-musl": "2.3.8", "@biomejs/cli-win32-arm64": "2.3.8", "@biomejs/cli-win32-x64": "2.3.8" }, "bin": { "biome": "bin/biome" } }, "sha512-Qjsgoe6FEBxWAUzwFGFrB+1+M8y/y5kwmg5CHac+GSVOdmOIqsAiXM5QMVGZJ1eCUCLlPZtq4aFAQ0eawEUuUA=="],

    "@biomejs/cli-darwin-arm64": ["@biomejs/cli-darwin-arm64@2.3.8", "", { "os": "darwin", "cpu": "arm64" }, "sha512-HM4Zg9CGQ3txTPflxD19n8MFPrmUAjaC7PQdLkugeeC0cQ+PiVrd7i09gaBS/11QKsTDBJhVg85CEIK9f50Qww=="],

    "@biomejs/cli-darwin-x64": ["@biomejs/cli-darwin-x64@2.3.8", "", { "os": "darwin", "cpu": "x64" }, "sha512-lUDQ03D7y/qEao7RgdjWVGCu+BLYadhKTm40HkpJIi6kn8LSv5PAwRlew/DmwP4YZ9ke9XXoTIQDO1vAnbRZlA=="],

    "@biomejs/cli-linux-arm64": ["@biomejs/cli-linux-arm64@2.3.8", "", { "os": "linux", "cpu": "arm64" }, "sha512-Uo1OJnIkJgSgF+USx970fsM/drtPcQ39I+JO+Fjsaa9ZdCN1oysQmy6oAGbyESlouz+rzEckLTF6DS7cWse95g=="],

    "@biomejs/cli-linux-arm64-musl": ["@biomejs/cli-linux-arm64-musl@2.3.8", "", { "os": "linux", "cpu": "arm64" }, "sha512-PShR4mM0sjksUMyxbyPNMxoKFPVF48fU8Qe8Sfx6w6F42verbwRLbz+QiKNiDPRJwUoMG1nPM50OBL3aOnTevA=="],

    "@biomejs/cli-linux-x64": ["@biomejs/cli-linux-x64@2.3.8", "", { "os": "linux", "cpu": "x64" }, "sha512-QDPMD5bQz6qOVb3kiBui0zKZXASLo0NIQ9JVJio5RveBEFgDgsvJFUvZIbMbUZT3T00M/1wdzwWXk4GIh0KaAw=="],

    "@biomejs/cli-linux-x64-musl": ["@biomejs/cli-linux-x64-musl@2.3.8", "", { "os": "linux", "cpu": "x64" }, "sha512-YGLkqU91r1276uwSjiUD/xaVikdxgV1QpsicT0bIA1TaieM6E5ibMZeSyjQ/izBn4tKQthUSsVZacmoJfa3pDA=="],

    "@biomejs/cli-win32-arm64": ["@biomejs/cli-win32-arm64@2.3.8", "", { "os": "win32", "cpu": "arm64" }, "sha512-H4IoCHvL1fXKDrTALeTKMiE7GGWFAraDwBYFquE/L/5r1927Te0mYIGseXi4F+lrrwhSWbSGt5qPFswNoBaCxg=="],

    "@biomejs/cli-win32-x64": ["@biomejs/cli-win32-x64@2.3.8", "", { "os": "win32", "cpu": "x64" }, "sha512-RguzimPoZWtBapfKhKjcWXBVI91tiSprqdBYu7tWhgN8pKRZhw24rFeNZTNf6UiBfjCYCi9eFQs/JzJZIhuK4w=="],

    "@noble/ciphers": ["@noble/ciphers@1.3.0", "", {}, "sha512-2I0gnIVPtfnMw9ee9h1dJG7tp81+8Ob3OJb3Mv37rx5L40/b0i7djjCVvGOVqc9AEIQyvyu1i6ypKdFw8R8gQw=="],

    "@noble/curves": ["@noble/curves@1.9.1", "", { "dependencies": { "@noble/hashes": "1.8.0" } }, "sha512-k11yZxZg+t+gWvBbIswW0yoJlu8cHOC7dhunwOzoWH/mXGBiYyR4YY6hAEK/3EUs4UpB8la1RfdRpeGsFHkWsA=="],

    "@noble/hashes": ["@noble/hashes@1.8.0", "", {}, "sha512-jCs9ldd7NwzpgXDIf6P3+NrHh9/sD6CQdxHyjQI+h/6rDNo88ypBxxz45UDuZHz9r3tNz7N/VInSVoVdtXEI4A=="],

    "@polkadot/keyring": ["@polkadot/keyring@13.5.9", "", { "dependencies": { "@polkadot/util": "13.5.9", "@polkadot/util-crypto": "13.5.9", "tslib": "^2.8.0" } }, "sha512-bMCpHDN7U8ytxawjBZ89/he5s3AmEZuOdkM/ABcorh/flXNPfyghjFK27Gy4OKoFxX52yJ2sTHR4NxM87GuFXQ=="],

    "@polkadot/networks": ["@polkadot/networks@13.5.9", "", { "dependencies": { "@polkadot/util": "13.5.9", "@substrate/ss58-registry": "^1.51.0", "tslib": "^2.8.0" } }, "sha512-nmKUKJjiLgcih0MkdlJNMnhEYdwEml2rv/h59ll2+rAvpsVWMTLCb6Cq6q7UC44+8kiWK2UUJMkFU+3PFFxndA=="],

    "@polkadot/types": ["@polkadot/types@16.5.3", "", { "dependencies": { "@polkadot/keyring": "^13.5.9", "@polkadot/types-augment": "16.5.3", "@polkadot/types-codec": "16.5.3", "@polkadot/types-create": "16.5.3", "@polkadot/util": "^13.5.9", "@polkadot/util-crypto": "^13.5.9", "rxjs": "^7.8.1", "tslib": "^2.8.1" } }, "sha512-xy9uv/X4iT7uJ7TNCoqbcMkR8ePHwNW6DgpOU+1y1zc/KSu9ZC5i+haFOL68BpmR/QXk99YfuHoKwXvteDmykw=="],

    "@polkadot/types-augment": ["@polkadot/types-augment@16.5.3", "", { "dependencies": { "@polkadot/types": "16.5.3", "@polkadot/types-codec": "16.5.3", "@polkadot/util": "^13.5.9", "tslib": "^2.8.1" } }, "sha512-SfS4arJUxW6BeCEhLMVPrZwWOLte69k5+/lvEKOKHQA8Mz0MEkD4uqGZGibDjgBgdnu8N+3b+rs+Fn3YfZu4yA=="],

    "@polkadot/types-codec": ["@polkadot/types-codec@16.5.3", "", { "dependencies": { "@polkadot/util": "^13.5.9", "@polkadot/x-bigint": "^13.5.9", "tslib": "^2.8.1" } }, "sha512-b+oKMrIZrsFH4pPwvGQ6lMS8oFrYAGMy9QSbytA+KDmXAgTCtShz5XGvdQabvsGCjJ45EKgkKpKynVcYh3gk8g=="],

    "@polkadot/types-create": ["@polkadot/types-create@16.5.3", "", { "dependencies": { "@polkadot/types-codec": "16.5.3", "@polkadot/util": "^13.5.9", "tslib": "^2.8.1" } }, "sha512-XGnBLNamPh7eQGcHNGFghA/prH7z2BsQ+9EVSbHCvw9ENr/Ow24mmmkZyMG5WM/5I6/4HRdfwFJucYt1GL/p9g=="],

    "@polkadot/util": ["@polkadot/util@13.5.9", "", { "dependencies": { "@polkadot/x-bigint": "13.5.9", "@polkadot/x-global": "13.5.9", "@polkadot/x-textdecoder": "13.5.9", "@polkadot/x-textencoder": "13.5.9", "@types/bn.js": "^5.1.6", "bn.js": "^5.2.1", "tslib": "^2.8.0" } }, "sha512-pIK3XYXo7DKeFRkEBNYhf3GbCHg6dKQisSvdzZwuyzA6m7YxQq4DFw4IE464ve4Z7WsJFt3a6C9uII36hl9EWw=="],

    "@polkadot/util-crypto": ["@polkadot/util-crypto@13.5.9", "", { "dependencies": { "@noble/curves": "^1.3.0", "@noble/hashes": "^1.3.3", "@polkadot/networks": "13.5.9", "@polkadot/util": "13.5.9", "@polkadot/wasm-crypto": "^7.5.3", "@polkadot/wasm-util": "^7.5.3", "@polkadot/x-bigint": "13.5.9", "@polkadot/x-randomvalues": "13.5.9", "@scure/base": "^1.1.7", "tslib": "^2.8.0" } }, "sha512-foUesMhxkTk8CZ0/XEcfvHk6I0O+aICqqVJllhOpyp/ZVnrTBKBf59T6RpsXx2pCtBlMsLRvg/6Mw7RND1HqDg=="],

    "@polkadot/wasm-bridge": ["@polkadot/wasm-bridge@7.5.3", "", { "dependencies": { "@polkadot/wasm-util": "7.5.3", "tslib": "^2.7.0" }, "peerDependencies": { "@polkadot/util": "*", "@polkadot/x-randomvalues": "*" } }, "sha512-mUvwwNH+uP1wqpMuHjmEwHxRIaVc5csmb+ukycWQGhzwhpXe/0fvBEU2TQ8kwgqO2MU0FS3hN/QcIWKfPRJgxQ=="],

    "@polkadot/wasm-crypto": ["@polkadot/wasm-crypto@7.5.3", "", { "dependencies": { "@polkadot/wasm-bridge": "7.5.3", "@polkadot/wasm-crypto-asmjs": "7.5.3", "@polkadot/wasm-crypto-init": "7.5.3", "@polkadot/wasm-crypto-wasm": "7.5.3", "@polkadot/wasm-util": "7.5.3", "tslib": "^2.7.0" }, "peerDependencies": { "@polkadot/util": "*", "@polkadot/x-randomvalues": "*" } }, "sha512-dmKUM9vw1wrnCHGuIeOtQo1pwuSF7fkyF4TYimTn3tAa0+3cDctYBErtGxgUeqP0Bo4Q0Of4/vnHlSk5Rbt9Uw=="],

    "@polkadot/wasm-crypto-asmjs": ["@polkadot/wasm-crypto-asmjs@7.5.3", "", { "dependencies": { "tslib": "^2.7.0" }, "peerDependencies": { "@polkadot/util": "*" } }, "sha512-fSbbjI+4p0U3PQ8nOz/3p7euHriSdh+2CSywNuXHa8fMaYlMqCKt9K7+HI8CQ4RZNvZWDq+Py1nEDEkM4rZrvw=="],

    "@polkadot/wasm-crypto-init": ["@polkadot/wasm-crypto-init@7.5.3", "", { "dependencies": { "@polkadot/wasm-bridge": "7.5.3", "@polkadot/wasm-crypto-asmjs": "7.5.3", "@polkadot/wasm-crypto-wasm": "7.5.3", "@polkadot/wasm-util": "7.5.3", "tslib": "^2.7.0" }, "peerDependencies": { "@polkadot/util": "*", "@polkadot/x-randomvalues": "*" } }, "sha512-KvUpxqvW70XhuDiw/N6rM8fQ7zRjIFblw+vdJ0/wwyagwg9jrYNA9TMei5ksQd9sxGCGXN/xJmwHJXuUjkocmg=="],

    "@polkadot/wasm-crypto-wasm": ["@polkadot/wasm-crypto-wasm@7.5.3", "", { "dependencies": { "@polkadot/wasm-util": "7.5.3", "tslib": "^2.7.0" }, "peerDependencies": { "@polkadot/util": "*" } }, "sha512-fc88+HyVxebB/40GVgGUOLBqyO3C571DXWPTFmtt5EX9H8gw7Jg0Bkitz7hgSVP2x4FjXpqS9UNTJ8trVH0x1A=="],

    "@polkadot/wasm-util": ["@polkadot/wasm-util@7.5.3", "", { "dependencies": { "tslib": "^2.7.0" }, "peerDependencies": { "@polkadot/util": "*" } }, "sha512-hBr9bbjS+Yr7DrDUSkIIuvlTSoAlI8WXuo9YEB4C76j130u/cl+zyq6Iy/WnaTE6QH+8i9DhM8QTety6TqYnUQ=="],

    "@polkadot/x-bigint": ["@polkadot/x-bigint@13.5.9", "", { "dependencies": { "@polkadot/x-global": "13.5.9", "tslib": "^2.8.0" } }, "sha512-JVW6vw3e8fkcRyN9eoc6JIl63MRxNQCP/tuLdHWZts1tcAYao0hpWUzteqJY93AgvmQ91KPsC1Kf3iuuZCi74g=="],

    "@polkadot/x-global": ["@polkadot/x-global@13.5.9", "", { "dependencies": { "tslib": "^2.8.0" } }, "sha512-zSRWvELHd3Q+bFkkI1h2cWIqLo1ETm+MxkNXLec3lB56iyq/MjWBxfXnAFFYFayvlEVneo7CLHcp+YTFd9aVSA=="],

    "@polkadot/x-randomvalues": ["@polkadot/x-randomvalues@13.5.9", "", { "dependencies": { "@polkadot/x-global": "13.5.9", "tslib": "^2.8.0" }, "peerDependencies": { "@polkadot/util": "13.5.9", "@polkadot/wasm-util": "*" } }, "sha512-Uuuz3oubf1JCCK97fsnVUnHvk4BGp/W91mQWJlgl5TIOUSSTIRr+lb5GurCfl4kgnQq53Zi5fJV+qR9YumbnZw=="],

    "@polkadot/x-textdecoder": ["@polkadot/x-textdecoder@13.5.9", "", { "dependencies": { "@polkadot/x-global": "13.5.9", "tslib": "^2.8.0" } }, "sha512-W2HhVNUbC/tuFdzNMbnXAWsIHSg9SC9QWDNmFD3nXdSzlXNgL8NmuiwN2fkYvCQBtp/XSoy0gDLx0C+Fo19cfw=="],

    "@polkadot/x-textencoder": ["@polkadot/x-textencoder@13.5.9", "", { "dependencies": { "@polkadot/x-global": "13.5.9", "tslib": "^2.8.0" } }, "sha512-SG0MHnLUgn1ZxFdm0KzMdTHJ47SfqFhdIPMcGA0Mg/jt2rwrfrP3jtEIJMsHfQpHvfsNPfv55XOMmoPWuQnP/Q=="],

    "@scure/base": ["@scure/base@1.2.6", "", {}, "sha512-g/nm5FgUa//MCj1gV09zTJTaM6KBAHqLN907YVQqf7zC49+DcO4B1so4ZX07Ef10Twr6nuqYEH9GEggFXA4Fmg=="],

    "@scure/bip32": ["@scure/bip32@1.7.0", "", { "dependencies": { "@noble/curves": "~1.9.0", "@noble/hashes": "~1.8.0", "@scure/base": "~1.2.5" } }, "sha512-E4FFX/N3f4B80AKWp5dP6ow+flD1LQZo/w8UnLGYZO674jS6YnYeepycOOksv+vLPSpgN35wgKgy+ybfTb2SMw=="],

    "@scure/bip39": ["@scure/bip39@1.6.0", "", { "dependencies": { "@noble/hashes": "~1.8.0", "@scure/base": "~1.2.5" } }, "sha512-+lF0BbLiJNwVlev4eKelw1WWLaiKXw7sSl8T6FvBlWkdX+94aGJ4o8XjUdlyhTCjd8c+B3KT3JfS8P0bLRNU6A=="],

    "@storagehub-sdk/core": ["@storagehub-sdk/core@0.3.3", "", { "dependencies": { "@polkadot/types": "^16.4.7", "abitype": "^1.0.0", "ethers": "^6.15.0" }, "peerDependencies": { "viem": ">=2.38.3" } }, "sha512-7UtD6JBNJLaHUO/s8NinVhV3f5iaknvILsX7naB2y5Do33OS3oocNGGuwBhjGiyMXPlsIknR04t5hR2VdV+8hg=="],

    "@storagehub-sdk/msp-client": ["@storagehub-sdk/msp-client@0.3.3", "", { "peerDependencies": { "@storagehub-sdk/core": ">=0.0.5", "viem": ">=2.38.3" } }, "sha512-6ogaQOcw+xxi6xuiZ1IFJAFk7AvPD4CxL8FW96OcpZJBxRM9uilO90YNnpESFn1uFwiHC8BOv0kI06ee1vkfwg=="],

    "@substrate/ss58-registry": ["@substrate/ss58-registry@1.51.0", "", {}, "sha512-TWDurLiPxndFgKjVavCniytBIw+t4ViOi7TYp9h/D0NMmkEc9klFTo+827eyEJ0lELpqO207Ey7uGxUa+BS1jQ=="],

    "@types/bn.js": ["@types/bn.js@5.2.0", "", { "dependencies": { "@types/node": "*" } }, "sha512-DLbJ1BPqxvQhIGbeu8VbUC1DiAiahHtAYvA0ZEAa4P31F7IaArc8z3C3BRQdWX4mtLQuABG4yzp76ZrS02Ui1Q=="],

    "@types/node": ["@types/node@22.19.1", "", { "dependencies": { "undici-types": "~6.21.0" } }, "sha512-LCCV0HdSZZZb34qifBsyWlUmok6W7ouER+oQIGBScS8EsZsQbrtFTUrDX4hOl+CS6p7cnNC4td+qrSVGSCTUfQ=="],

    "abitype": ["abitype@1.2.1", "", { "peerDependencies": { "typescript": ">=5.0.4", "zod": "^3.22.0 || ^4.0.0" }, "optionalPeers": ["typescript", "zod"] }, "sha512-AhkAWBE5QqzSuaPi6B9w5scl5739iBknQdFFAbY/CybASOBVWtVmPavUYW1OrDRX/iZWB/Je80xhJMZz2G4G1Q=="],

    "aes-js": ["aes-js@4.0.0-beta.5", "", {}, "sha512-G965FqalsNyrPqgEGON7nIx1e/OVENSgiEIzyC63haUMuvNnwIgIjMs52hlTCKhkBny7A2ORNlfY9Zu+jmGk1Q=="],

    "bn.js": ["bn.js@5.2.2", "", {}, "sha512-v2YAxEmKaBLahNwE1mjp4WON6huMNeuDvagFZW+ASCuA/ku0bXR9hSMw0XpiqMoA3+rmnyck/tPRSFQkoC9Cuw=="],

    "ethers": ["ethers@6.16.0", "", { "dependencies": { "@adraffy/ens-normalize": "1.10.1", "@noble/curves": "1.2.0", "@noble/hashes": "1.3.2", "@types/node": "22.7.5", "aes-js": "4.0.0-beta.5", "tslib": "2.7.0", "ws": "8.17.1" } }, "sha512-U1wulmetNymijEhpSEQ7Ct/P/Jw9/e7R1j5XIbPRydgV2DjLVMsULDlNksq3RQnFgKoLlZf88ijYtWEXcPa07A=="],

    "eventemitter3": ["eventemitter3@5.0.1", "", {}, "sha512-GWkBvjiSZK87ELrYOSESUYeVIc9mvLLf/nXalMOS5dYrgZq9o5OVkbZAVM06CVxYsCwH9BDZFPlQTlPA1j4ahA=="],

    "isows": ["isows@1.0.7", "", { "peerDependencies": { "ws": "*" } }, "sha512-I1fSfDCZL5P0v33sVqeTDSpcstAg/N+wF5HS033mogOVIp4B+oHC7oOCsA3axAbBSGTJ8QubbNmnIRN/h8U7hg=="],

    "ox": ["ox@0.9.6", "", { "dependencies": { "@adraffy/ens-normalize": "^1.11.0", "@noble/ciphers": "^1.3.0", "@noble/curves": "1.9.1", "@noble/hashes": "^1.8.0", "@scure/bip32": "^1.7.0", "@scure/bip39": "^1.6.0", "abitype": "^1.0.9", "eventemitter3": "5.0.1" }, "peerDependencies": { "typescript": ">=5.4.0" }, "optionalPeers": ["typescript"] }, "sha512-8SuCbHPvv2eZLYXrNmC0EC12rdzXQLdhnOMlHDW2wiCPLxBrOOJwX5L5E61by+UjTPOryqQiRSnjIKCI+GykKg=="],

    "rxjs": ["rxjs@7.8.2", "", { "dependencies": { "tslib": "^2.1.0" } }, "sha512-dhKf903U/PQZY6boNNtAGdWbG85WAbjT/1xYoZIC7FAY0yWapOBQVsVrDl58W86//e1VpMNBtRV4MaXfdMySFA=="],

    "tslib": ["tslib@2.8.1", "", {}, "sha512-oJFu94HQb+KVduSUQL7wnpmqnfmLsOA/nAh6b6EH0wCEoK0/mPeXU6c3wKDV83MkOuHPRHtSXKKU99IBazS/2w=="],

    "typescript": ["typescript@5.9.3", "", { "bin": { "tsc": "bin/tsc", "tsserver": "bin/tsserver" } }, "sha512-jl1vZzPDinLr9eUt3J/t7V6FgNEw9QjvBPdysz9KfQDD41fQrC2Y4vKQdiaUpFT4bXlb1RHhLpp8wtm6M5TgSw=="],

    "undici-types": ["undici-types@6.21.0", "", {}, "sha512-iwDZqg0QAGrg9Rav5H4n0M64c3mkR59cJ6wQp+7C4nI0gsmExaedaYLNO44eT4AtBBwjbTiGPMlt2Md0T9H9JQ=="],

    "viem": ["viem@2.41.2", "", { "dependencies": { "@noble/curves": "1.9.1", "@noble/hashes": "1.8.0", "@scure/bip32": "1.7.0", "@scure/bip39": "1.6.0", "abitype": "1.1.0", "isows": "1.0.7", "ox": "0.9.6", "ws": "8.18.3" }, "peerDependencies": { "typescript": ">=5.0.4" }, "optionalPeers": ["typescript"] }, "sha512-LYliajglBe1FU6+EH9mSWozp+gRA/QcHfxeD9Odf83AdH5fwUS7DroH4gHvlv6Sshqi1uXrYFA2B/EOczxd15g=="],

    "ws": ["ws@8.18.3", "", { "peerDependencies": { "bufferutil": "^4.0.1", "utf-8-validate": ">=5.0.2" }, "optionalPeers": ["bufferutil", "utf-8-validate"] }, "sha512-PEIGCY5tSlUt50cqyMXfCzX+oOPqN0vuGqWzbcJ2xvnkzkq46oOpz7dQaTDBdfICb4N14+GARUDw2XV2N4tvzg=="],

    "@polkadot/util-crypto/@noble/curves": ["@noble/curves@1.9.7", "", { "dependencies": { "@noble/hashes": "1.8.0" } }, "sha512-gbKGcRUYIjA3/zCCNaWDciTMFI0dCkvou3TL8Zmy5Nc7sJ47a0jtOeZoTaMxkuqRo9cRhjOdZJXegxYE5FN/xw=="],

    "@scure/bip32/@noble/curves": ["@noble/curves@1.9.7", "", { "dependencies": { "@noble/hashes": "1.8.0" } }, "sha512-gbKGcRUYIjA3/zCCNaWDciTMFI0dCkvou3TL8Zmy5Nc7sJ47a0jtOeZoTaMxkuqRo9cRhjOdZJXegxYE5FN/xw=="],

    "ethers/@noble/curves": ["@noble/curves@1.2.0", "", { "dependencies": { "@noble/hashes": "1.3.2" } }, "sha512-oYclrNgRaM9SsBUBVbb8M6DTV7ZHRTKugureoYEncY5c65HOmRzvSiTE3y5CYaPYJA/GVkrhXEoF0M3Ya9PMnw=="],

    "ethers/@noble/hashes": ["@noble/hashes@1.3.2", "", {}, "sha512-MVC8EAQp7MvEcm30KWENFjgR+Mkmf+D189XJTkFIlwohU5hcBbn1ZkKq7KVTi2Hme3PMGF390DaL52beVrIihQ=="],

    "ethers/@types/node": ["@types/node@22.7.5", "", { "dependencies": { "undici-types": "~6.19.2" } }, "sha512-jML7s2NAzMWc//QSJ1a3prpk78cOPchGvXJsC3C6R6PSMoooztvRVQEz89gmBTBY1SPMaqo5teB4uNHPdetShQ=="],

    "ethers/tslib": ["tslib@2.7.0", "", {}, "sha512-gLXCKdN1/j47AiHiOkJN69hJmcbGTHI0ImLmbYLHykhgeN0jVGola9yVjFgzCUklsZQMW55o+dW7IXv3RCXDzA=="],

    "ethers/ws": ["ws@8.17.1", "", { "peerDependencies": { "bufferutil": "^4.0.1", "utf-8-validate": ">=5.0.2" }, "optionalPeers": ["bufferutil", "utf-8-validate"] }, "sha512-6XQFvXTkbfUOZOKKILFG1PDK2NDQs4azKQl26T0YS5CxqWLgXajbPZ+h4gZekJyRqFU8pvnbAbbs/3TgRPy+GQ=="],

    "ox/@adraffy/ens-normalize": ["@adraffy/ens-normalize@1.11.1", "", {}, "sha512-nhCBV3quEgesuf7c7KYfperqSS14T8bYuvJ8PcLJp6znkZpFc0AuW4qBtr8eKVyPPe/8RSr7sglCWPU5eaxwKQ=="],

    "viem/abitype": ["abitype@1.1.0", "", { "peerDependencies": { "typescript": ">=5.0.4", "zod": "^3.22.0 || ^4.0.0" }, "optionalPeers": ["typescript", "zod"] }, "sha512-6Vh4HcRxNMLA0puzPjM5GBgT4aAcFGKZzSgAXvuZ27shJP6NEpielTuqbBmZILR5/xd0PizkBGy5hReKz9jl5A=="],

    "ethers/@types/node/undici-types": ["undici-types@6.19.8", "", {}, "sha512-ve2KP6f/JnbPBFyobGHuerC9g1FYGn/F8n1LWTwNxCEzd6IfqTwUQcNXgEtmmQ6DlRrC1hrSrBnCZPokRrDHjw=="],
  }
}
